
Microsoft Visual Studio Solution File, Format Version 12.00
# Visual Studio Version 16
VisualStudioVersion = 16.0.31624.102
MinimumVisualStudioVersion = 10.0.40219.1
Project("{FAE04EC0-301F-11D3-BF4B-00C04F79EFBC}") = "TimeReportingSystem.Models", "TimeReportingSystem.Models\TimeReportingSystem.Models.csproj", "{D24CC228-6C15-4189-A8AB-7C66C3A0D29C}"
EndProject
Global
	GlobalSection(SolutionConfigurationPlatforms) = preSolution
		Debug|Any CPU = Debug|Any CPU
		Release|Any CPU = Release|Any CPU
	EndGlobalSection
	GlobalSection(ProjectConfigurationPlatforms) = postSolution
		{D24CC228-6C15-4189-A8AB-7C66C3A0D29C}.Debug|Any CPU.ActiveCfg = Debug|Any CPU
		{D24CC228-6C15-4189-A8AB-7C66C3A0D29C}.Debug|Any CPU.Build.0 = Debug|Any CPU
		{D24CC228-6C15-4189-A8AB-7C66C3A0D29C}.Release|Any CPU.ActiveCfg = Release|Any CPU
		{D24CC228-6C15-4189-A8AB-7C66C3A0D29C}.Release|Any CPU.Build.0 = Release|Any CPU
	EndGlobalSection
	GlobalSection(SolutionProperties) = preSolution
		HideSolutionNode = FALSE
	EndGlobalSection
	GlobalSection(ExtensibilityGlobals) = postSolution
		SolutionGuid = {76293F0F-509F-46BF-9C01-0FB978EA73FC}
	EndGlobalSection
EndGlobal
